// !$*UTF8*$!
{
	archiveVersion = 1;
	classes = {
	};
	objectVersion = 56;
	objects = {

/* Begin PBXBuildFile section */
		3E9113387DDE15EBB4D01060 /* Pods_UnsplashApp.framework in Frameworks */ = {isa = PBXBuildFile; fileRef = B9F8019AC18273F3DDA73503 /* Pods_UnsplashApp.framework */; };
		C604481929D9ADEF004A8F0E /* FavoritesListTableViewCell.swift in Sources */ = {isa = PBXBuildFile; fileRef = C604481829D9ADEF004A8F0E /* FavoritesListTableViewCell.swift */; };
		C65F000229D8731400A8CFDC /* PicturesListViewFactory.swift in Sources */ = {isa = PBXBuildFile; fileRef = C65F000129D8731400A8CFDC /* PicturesListViewFactory.swift */; };
		C65F000529D8767C00A8CFDC /* PicturesCoordinator.swift in Sources */ = {isa = PBXBuildFile; fileRef = C65F000429D8767C00A8CFDC /* PicturesCoordinator.swift */; };
		C65F000929D8801600A8CFDC /* FavoritesListViewFactory.swift in Sources */ = {isa = PBXBuildFile; fileRef = C65F000829D8801600A8CFDC /* FavoritesListViewFactory.swift */; };
		C65F000B29D8802900A8CFDC /* FavoritesCoordinator.swift in Sources */ = {isa = PBXBuildFile; fileRef = C65F000A29D8802900A8CFDC /* FavoritesCoordinator.swift */; };
		C65F000D29D8804D00A8CFDC /* FavoritesListViewController.swift in Sources */ = {isa = PBXBuildFile; fileRef = C65F000C29D8804D00A8CFDC /* FavoritesListViewController.swift */; };
		C65F001129D8B13700A8CFDC /* PicturesListCollectionViewCell.swift in Sources */ = {isa = PBXBuildFile; fileRef = C65F001029D8B13700A8CFDC /* PicturesListCollectionViewCell.swift */; };
		C65F001429D8B48700A8CFDC /* UIView + extensions.swift in Sources */ = {isa = PBXBuildFile; fileRef = C65F001329D8B48700A8CFDC /* UIView + extensions.swift */; };
		C65F001729D8BE5300A8CFDC /* UnsplashModel.swift in Sources */ = {isa = PBXBuildFile; fileRef = C65F001629D8BE5300A8CFDC /* UnsplashModel.swift */; };
		C65F001A29D8BEAE00A8CFDC /* ImageURLs.swift in Sources */ = {isa = PBXBuildFile; fileRef = C65F001929D8BEAE00A8CFDC /* ImageURLs.swift */; };
		C65F001C29D8BEC600A8CFDC /* UserModel.swift in Sources */ = {isa = PBXBuildFile; fileRef = C65F001B29D8BEC600A8CFDC /* UserModel.swift */; };
		C65F001E29D8BEE100A8CFDC /* LocationModel.swift in Sources */ = {isa = PBXBuildFile; fileRef = C65F001D29D8BEE100A8CFDC /* LocationModel.swift */; };
		C65F002029D8BF0100A8CFDC /* ProfileImageModel.swift in Sources */ = {isa = PBXBuildFile; fileRef = C65F001F29D8BF0100A8CFDC /* ProfileImageModel.swift */; };
		C65F002229D8BF4600A8CFDC /* PresentPhotoModel.swift in Sources */ = {isa = PBXBuildFile; fileRef = C65F002129D8BF4600A8CFDC /* PresentPhotoModel.swift */; };
		C65FFFE329D83C3600A8CFDC /* AppDelegate.swift in Sources */ = {isa = PBXBuildFile; fileRef = C65FFFE229D83C3600A8CFDC /* AppDelegate.swift */; };
		C65FFFE529D83C3600A8CFDC /* SceneDelegate.swift in Sources */ = {isa = PBXBuildFile; fileRef = C65FFFE429D83C3600A8CFDC /* SceneDelegate.swift */; };
		C65FFFE729D83C3600A8CFDC /* PicturesListViewController.swift in Sources */ = {isa = PBXBuildFile; fileRef = C65FFFE629D83C3600A8CFDC /* PicturesListViewController.swift */; };
		C65FFFEC29D83C3700A8CFDC /* Assets.xcassets in Resources */ = {isa = PBXBuildFile; fileRef = C65FFFEB29D83C3700A8CFDC /* Assets.xcassets */; };
		C65FFFEF29D83C3700A8CFDC /* LaunchScreen.storyboard in Resources */ = {isa = PBXBuildFile; fileRef = C65FFFED29D83C3700A8CFDC /* LaunchScreen.storyboard */; };
		C65FFFFB29D852BC00A8CFDC /* Coordinator.swift in Sources */ = {isa = PBXBuildFile; fileRef = C65FFFFA29D852BC00A8CFDC /* Coordinator.swift */; };
		C65FFFFD29D86B2B00A8CFDC /* AppCoordinator.swift in Sources */ = {isa = PBXBuildFile; fileRef = C65FFFFC29D86B2B00A8CFDC /* AppCoordinator.swift */; };
		C65FFFFF29D86D0D00A8CFDC /* TabBarController.swift in Sources */ = {isa = PBXBuildFile; fileRef = C65FFFFE29D86D0D00A8CFDC /* TabBarController.swift */; };
/* End PBXBuildFile section */

/* Begin PBXFileReference section */
		25D57392D018528121BDD82C /* Pods-UnsplashApp.debug.xcconfig */ = {isa = PBXFileReference; includeInIndex = 1; lastKnownFileType = text.xcconfig; name = "Pods-UnsplashApp.debug.xcconfig"; path = "Target Support Files/Pods-UnsplashApp/Pods-UnsplashApp.debug.xcconfig"; sourceTree = "<group>"; };
		6CF25BBCB6996D61843245CA /* Pods-UnsplashApp.release.xcconfig */ = {isa = PBXFileReference; includeInIndex = 1; lastKnownFileType = text.xcconfig; name = "Pods-UnsplashApp.release.xcconfig"; path = "Target Support Files/Pods-UnsplashApp/Pods-UnsplashApp.release.xcconfig"; sourceTree = "<group>"; };
		B9F8019AC18273F3DDA73503 /* Pods_UnsplashApp.framework */ = {isa = PBXFileReference; explicitFileType = wrapper.framework; includeInIndex = 0; path = Pods_UnsplashApp.framework; sourceTree = BUILT_PRODUCTS_DIR; };
		C604481829D9ADEF004A8F0E /* FavoritesListTableViewCell.swift */ = {isa = PBXFileReference; lastKnownFileType = sourcecode.swift; path = FavoritesListTableViewCell.swift; sourceTree = "<group>"; };
		C65F000129D8731400A8CFDC /* PicturesListViewFactory.swift */ = {isa = PBXFileReference; lastKnownFileType = sourcecode.swift; path = PicturesListViewFactory.swift; sourceTree = "<group>"; };
		C65F000429D8767C00A8CFDC /* PicturesCoordinator.swift */ = {isa = PBXFileReference; lastKnownFileType = sourcecode.swift; path = PicturesCoordinator.swift; sourceTree = "<group>"; };
		C65F000829D8801600A8CFDC /* FavoritesListViewFactory.swift */ = {isa = PBXFileReference; lastKnownFileType = sourcecode.swift; path = FavoritesListViewFactory.swift; sourceTree = "<group>"; };
		C65F000A29D8802900A8CFDC /* FavoritesCoordinator.swift */ = {isa = PBXFileReference; lastKnownFileType = sourcecode.swift; path = FavoritesCoordinator.swift; sourceTree = "<group>"; };
		C65F000C29D8804D00A8CFDC /* FavoritesListViewController.swift */ = {isa = PBXFileReference; lastKnownFileType = sourcecode.swift; path = FavoritesListViewController.swift; sourceTree = "<group>"; };
		C65F001029D8B13700A8CFDC /* PicturesListCollectionViewCell.swift */ = {isa = PBXFileReference; lastKnownFileType = sourcecode.swift; path = PicturesListCollectionViewCell.swift; sourceTree = "<group>"; };
		C65F001329D8B48700A8CFDC /* UIView + extensions.swift */ = {isa = PBXFileReference; lastKnownFileType = sourcecode.swift; path = "UIView + extensions.swift"; sourceTree = "<group>"; };
		C65F001629D8BE5300A8CFDC /* UnsplashModel.swift */ = {isa = PBXFileReference; lastKnownFileType = sourcecode.swift; path = UnsplashModel.swift; sourceTree = "<group>"; };
		C65F001929D8BEAE00A8CFDC /* ImageURLs.swift */ = {isa = PBXFileReference; lastKnownFileType = sourcecode.swift; path = ImageURLs.swift; sourceTree = "<group>"; };
		C65F001B29D8BEC600A8CFDC /* UserModel.swift */ = {isa = PBXFileReference; lastKnownFileType = sourcecode.swift; path = UserModel.swift; sourceTree = "<group>"; };
		C65F001D29D8BEE100A8CFDC /* LocationModel.swift */ = {isa = PBXFileReference; lastKnownFileType = sourcecode.swift; path = LocationModel.swift; sourceTree = "<group>"; };
		C65F001F29D8BF0100A8CFDC /* ProfileImageModel.swift */ = {isa = PBXFileReference; lastKnownFileType = sourcecode.swift; path = ProfileImageModel.swift; sourceTree = "<group>"; };
		C65F002129D8BF4600A8CFDC /* PresentPhotoModel.swift */ = {isa = PBXFileReference; lastKnownFileType = sourcecode.swift; path = PresentPhotoModel.swift; sourceTree = "<group>"; };
		C65FFFDF29D83C3600A8CFDC /* UnsplashApp.app */ = {isa = PBXFileReference; explicitFileType = wrapper.application; includeInIndex = 0; path = UnsplashApp.app; sourceTree = BUILT_PRODUCTS_DIR; };
		C65FFFE229D83C3600A8CFDC /* AppDelegate.swift */ = {isa = PBXFileReference; lastKnownFileType = sourcecode.swift; path = AppDelegate.swift; sourceTree = "<group>"; };
		C65FFFE429D83C3600A8CFDC /* SceneDelegate.swift */ = {isa = PBXFileReference; lastKnownFileType = sourcecode.swift; path = SceneDelegate.swift; sourceTree = "<group>"; };
		C65FFFE629D83C3600A8CFDC /* PicturesListViewController.swift */ = {isa = PBXFileReference; lastKnownFileType = sourcecode.swift; path = PicturesListViewController.swift; sourceTree = "<group>"; };
		C65FFFEB29D83C3700A8CFDC /* Assets.xcassets */ = {isa = PBXFileReference; lastKnownFileType = folder.assetcatalog; path = Assets.xcassets; sourceTree = "<group>"; };
		C65FFFEE29D83C3700A8CFDC /* Base */ = {isa = PBXFileReference; lastKnownFileType = file.storyboard; name = Base; path = Base.lproj/LaunchScreen.storyboard; sourceTree = "<group>"; };
		C65FFFF029D83C3700A8CFDC /* Info.plist */ = {isa = PBXFileReference; lastKnownFileType = text.plist.xml; path = Info.plist; sourceTree = "<group>"; };
		C65FFFFA29D852BC00A8CFDC /* Coordinator.swift */ = {isa = PBXFileReference; lastKnownFileType = sourcecode.swift; path = Coordinator.swift; sourceTree = "<group>"; };
		C65FFFFC29D86B2B00A8CFDC /* AppCoordinator.swift */ = {isa = PBXFileReference; lastKnownFileType = sourcecode.swift; path = AppCoordinator.swift; sourceTree = "<group>"; };
		C65FFFFE29D86D0D00A8CFDC /* TabBarController.swift */ = {isa = PBXFileReference; lastKnownFileType = sourcecode.swift; path = TabBarController.swift; sourceTree = "<group>"; };
/* End PBXFileReference section */

/* Begin PBXFrameworksBuildPhase section */
		C65FFFDC29D83C3600A8CFDC /* Frameworks */ = {
			isa = PBXFrameworksBuildPhase;
			buildActionMask = 2147483647;
			files = (
				3E9113387DDE15EBB4D01060 /* Pods_UnsplashApp.framework in Frameworks */,
			);
			runOnlyForDeploymentPostprocessing = 0;
		};
/* End PBXFrameworksBuildPhase section */

/* Begin PBXGroup section */
		036EFB98C139C50F7EED6078 /* Frameworks */ = {
			isa = PBXGroup;
			children = (
				B9F8019AC18273F3DDA73503 /* Pods_UnsplashApp.framework */,
			);
			name = Frameworks;
			sourceTree = "<group>";
		};
		B13D5DC9EE4542682A54F57B /* Pods */ = {
			isa = PBXGroup;
			children = (
				25D57392D018528121BDD82C /* Pods-UnsplashApp.debug.xcconfig */,
				6CF25BBCB6996D61843245CA /* Pods-UnsplashApp.release.xcconfig */,
			);
			path = Pods;
			sourceTree = "<group>";
		};
		C604481729D9ADD0004A8F0E /* Cell */ = {
			isa = PBXGroup;
			children = (
				C604481829D9ADEF004A8F0E /* FavoritesListTableViewCell.swift */,
			);
			path = Cell;
			sourceTree = "<group>";
		};
		C65F000029D8724400A8CFDC /* Pictures Section */ = {
			isa = PBXGroup;
			children = (
				C65F000129D8731400A8CFDC /* PicturesListViewFactory.swift */,
				C65F000429D8767C00A8CFDC /* PicturesCoordinator.swift */,
				C65F000329D8731F00A8CFDC /* View */,
			);
			path = "Pictures Section";
			sourceTree = "<group>";
		};
		C65F000329D8731F00A8CFDC /* View */ = {
			isa = PBXGroup;
			children = (
				C65F000F29D8B10F00A8CFDC /* Cell */,
				C65FFFE629D83C3600A8CFDC /* PicturesListViewController.swift */,
			);
			path = View;
			sourceTree = "<group>";
		};
		C65F000629D87FBA00A8CFDC /* Favorites Section */ = {
			isa = PBXGroup;
			children = (
				C65F000829D8801600A8CFDC /* FavoritesListViewFactory.swift */,
				C65F000A29D8802900A8CFDC /* FavoritesCoordinator.swift */,
				C65F000729D87FD400A8CFDC /* View */,
			);
			path = "Favorites Section";
			sourceTree = "<group>";
		};
		C65F000729D87FD400A8CFDC /* View */ = {
			isa = PBXGroup;
			children = (
				C604481729D9ADD0004A8F0E /* Cell */,
				C65F000C29D8804D00A8CFDC /* FavoritesListViewController.swift */,
			);
			path = View;
			sourceTree = "<group>";
		};
		C65F000F29D8B10F00A8CFDC /* Cell */ = {
			isa = PBXGroup;
			children = (
				C65F001029D8B13700A8CFDC /* PicturesListCollectionViewCell.swift */,
			);
			path = Cell;
			sourceTree = "<group>";
		};
		C65F001229D8B46200A8CFDC /* Extensions */ = {
			isa = PBXGroup;
			children = (
				C65F001329D8B48700A8CFDC /* UIView + extensions.swift */,
			);
			path = Extensions;
			sourceTree = "<group>";
		};
		C65F001529D8BE1E00A8CFDC /* Models */ = {
			isa = PBXGroup;
			children = (
				C65F001629D8BE5300A8CFDC /* UnsplashModel.swift */,
				C65F001929D8BEAE00A8CFDC /* ImageURLs.swift */,
				C65F001B29D8BEC600A8CFDC /* UserModel.swift */,
				C65F001D29D8BEE100A8CFDC /* LocationModel.swift */,
				C65F001F29D8BF0100A8CFDC /* ProfileImageModel.swift */,
				C65F002129D8BF4600A8CFDC /* PresentPhotoModel.swift */,
			);
			path = Models;
			sourceTree = "<group>";
		};
		C65FFFD629D83C3500A8CFDC = {
			isa = PBXGroup;
			children = (
				C65FFFE129D83C3600A8CFDC /* UnsplashApp */,
				C65FFFE029D83C3600A8CFDC /* Products */,
				B13D5DC9EE4542682A54F57B /* Pods */,
				036EFB98C139C50F7EED6078 /* Frameworks */,
			);
			sourceTree = "<group>";
		};
		C65FFFE029D83C3600A8CFDC /* Products */ = {
			isa = PBXGroup;
			children = (
				C65FFFDF29D83C3600A8CFDC /* UnsplashApp.app */,
			);
			name = Products;
			sourceTree = "<group>";
		};
		C65FFFE129D83C3600A8CFDC /* UnsplashApp */ = {
			isa = PBXGroup;
			children = (
				C65FFFF629D84CAC00A8CFDC /* Application */,
				C65F001529D8BE1E00A8CFDC /* Models */,
				C65FFFF929D852AA00A8CFDC /* Core */,
				C65FFFF829D84D2300A8CFDC /* Controllers */,
				C65FFFF729D84CD800A8CFDC /* Resources */,
				C65F001229D8B46200A8CFDC /* Extensions */,
				C65FFFF029D83C3700A8CFDC /* Info.plist */,
			);
			path = UnsplashApp;
			sourceTree = "<group>";
		};
		C65FFFF629D84CAC00A8CFDC /* Application */ = {
			isa = PBXGroup;
			children = (
				C65FFFE229D83C3600A8CFDC /* AppDelegate.swift */,
				C65FFFE429D83C3600A8CFDC /* SceneDelegate.swift */,
			);
			path = Application;
			sourceTree = "<group>";
		};
		C65FFFF729D84CD800A8CFDC /* Resources */ = {
			isa = PBXGroup;
			children = (
				C65FFFEB29D83C3700A8CFDC /* Assets.xcassets */,
				C65FFFED29D83C3700A8CFDC /* LaunchScreen.storyboard */,
			);
			path = Resources;
			sourceTree = "<group>";
		};
		C65FFFF829D84D2300A8CFDC /* Controllers */ = {
			isa = PBXGroup;
			children = (
				C65FFFFC29D86B2B00A8CFDC /* AppCoordinator.swift */,
				C65FFFFE29D86D0D00A8CFDC /* TabBarController.swift */,
				C65F000029D8724400A8CFDC /* Pictures Section */,
				C65F000629D87FBA00A8CFDC /* Favorites Section */,
			);
			path = Controllers;
			sourceTree = "<group>";
		};
		C65FFFF929D852AA00A8CFDC /* Core */ = {
			isa = PBXGroup;
			children = (
				C65FFFFA29D852BC00A8CFDC /* Coordinator.swift */,
			);
			path = Core;
			sourceTree = "<group>";
		};
/* End PBXGroup section */

/* Begin PBXNativeTarget section */
		C65FFFDE29D83C3600A8CFDC /* UnsplashApp */ = {
			isa = PBXNativeTarget;
			buildConfigurationList = C65FFFF329D83C3700A8CFDC /* Build configuration list for PBXNativeTarget "UnsplashApp" */;
			buildPhases = (
				584632F94599D997E3AE858E /* [CP] Check Pods Manifest.lock */,
				C65FFFDB29D83C3600A8CFDC /* Sources */,
				C65FFFDC29D83C3600A8CFDC /* Frameworks */,
				C65FFFDD29D83C3600A8CFDC /* Resources */,
				8F0047F0FE0A0F448721D7BF /* [CP] Embed Pods Frameworks */,
			);
			buildRules = (
			);
			dependencies = (
			);
			name = UnsplashApp;
			productName = UnsplashApp;
			productReference = C65FFFDF29D83C3600A8CFDC /* UnsplashApp.app */;
			productType = "com.apple.product-type.application";
		};
/* End PBXNativeTarget section */

/* Begin PBXProject section */
		C65FFFD729D83C3500A8CFDC /* Project object */ = {
			isa = PBXProject;
			attributes = {
				BuildIndependentTargetsInParallel = 1;
				LastSwiftUpdateCheck = 1420;
				LastUpgradeCheck = 1420;
				TargetAttributes = {
					C65FFFDE29D83C3600A8CFDC = {
						CreatedOnToolsVersion = 14.2;
					};
				};
			};
			buildConfigurationList = C65FFFDA29D83C3500A8CFDC /* Build configuration list for PBXProject "UnsplashApp" */;
			compatibilityVersion = "Xcode 14.0";
			developmentRegion = en;
			hasScannedForEncodings = 0;
			knownRegions = (
				en,
				Base,
			);
			mainGroup = C65FFFD629D83C3500A8CFDC;
			productRefGroup = C65FFFE029D83C3600A8CFDC /* Products */;
			projectDirPath = "";
			projectRoot = "";
			targets = (
				C65FFFDE29D83C3600A8CFDC /* UnsplashApp */,
			);
		};
/* End PBXProject section */

/* Begin PBXResourcesBuildPhase section */
		C65FFFDD29D83C3600A8CFDC /* Resources */ = {
			isa = PBXResourcesBuildPhase;
			buildActionMask = 2147483647;
			files = (
				C65FFFEF29D83C3700A8CFDC /* LaunchScreen.storyboard in Resources */,
				C65FFFEC29D83C3700A8CFDC /* Assets.xcassets in Resources */,
			);
			runOnlyForDeploymentPostprocessing = 0;
		};
/* End PBXResourcesBuildPhase section */

/* Begin PBXShellScriptBuildPhase section */
		584632F94599D997E3AE858E /* [CP] Check Pods Manifest.lock */ = {
			isa = PBXShellScriptBuildPhase;
			buildActionMask = 2147483647;
			files = (
			);
			inputFileListPaths = (
			);
			inputPaths = (
				"${PODS_PODFILE_DIR_PATH}/Podfile.lock",
				"${PODS_ROOT}/Manifest.lock",
			);
			name = "[CP] Check Pods Manifest.lock";
			outputFileListPaths = (
			);
			outputPaths = (
				"$(DERIVED_FILE_DIR)/Pods-UnsplashApp-checkManifestLockResult.txt",
			);
			runOnlyForDeploymentPostprocessing = 0;
			shellPath = /bin/sh;
			shellScript = "diff \"${PODS_PODFILE_DIR_PATH}/Podfile.lock\" \"${PODS_ROOT}/Manifest.lock\" > /dev/null\nif [ $? != 0 ] ; then\n    # print error to STDERR\n    echo \"error: The sandbox is not in sync with the Podfile.lock. Run 'pod install' or update your CocoaPods installation.\" >&2\n    exit 1\nfi\n# This output is used by Xcode 'outputs' to avoid re-running this script phase.\necho \"SUCCESS\" > \"${SCRIPT_OUTPUT_FILE_0}\"\n";
			showEnvVarsInLog = 0;
		};
		8F0047F0FE0A0F448721D7BF /* [CP] Embed Pods Frameworks */ = {
			isa = PBXShellScriptBuildPhase;
			buildActionMask = 2147483647;
			files = (
			);
			inputFileListPaths = (
				"${PODS_ROOT}/Target Support Files/Pods-UnsplashApp/Pods-UnsplashApp-frameworks-${CONFIGURATION}-input-files.xcfilelist",
			);
			name = "[CP] Embed Pods Frameworks";
			outputFileListPaths = (
				"${PODS_ROOT}/Target Support Files/Pods-UnsplashApp/Pods-UnsplashApp-frameworks-${CONFIGURATION}-output-files.xcfilelist",
			);
			runOnlyForDeploymentPostprocessing = 0;
			shellPath = /bin/sh;
			shellScript = "\"${PODS_ROOT}/Target Support Files/Pods-UnsplashApp/Pods-UnsplashApp-frameworks.sh\"\n";
			showEnvVarsInLog = 0;
		};
/* End PBXShellScriptBuildPhase section */

/* Begin PBXSourcesBuildPhase section */
		C65FFFDB29D83C3600A8CFDC /* Sources */ = {
			isa = PBXSourcesBuildPhase;
			buildActionMask = 2147483647;
			files = (
				C65FFFFB29D852BC00A8CFDC /* Coordinator.swift in Sources */,
				C65F001429D8B48700A8CFDC /* UIView + extensions.swift in Sources */,
				C65FFFE729D83C3600A8CFDC /* PicturesListViewController.swift in Sources */,
				C65F000229D8731400A8CFDC /* PicturesListViewFactory.swift in Sources */,
				C65F000D29D8804D00A8CFDC /* FavoritesListViewController.swift in Sources */,
				C65FFFFD29D86B2B00A8CFDC /* AppCoordinator.swift in Sources */,
				C65F001129D8B13700A8CFDC /* PicturesListCollectionViewCell.swift in Sources */,
				C65F001729D8BE5300A8CFDC /* UnsplashModel.swift in Sources */,
				C65F000B29D8802900A8CFDC /* FavoritesCoordinator.swift in Sources */,
				C65F002229D8BF4600A8CFDC /* PresentPhotoModel.swift in Sources */,
				C65F000929D8801600A8CFDC /* FavoritesListViewFactory.swift in Sources */,
				C65F001C29D8BEC600A8CFDC /* UserModel.swift in Sources */,
				C65FFFFF29D86D0D00A8CFDC /* TabBarController.swift in Sources */,
				C65FFFE329D83C3600A8CFDC /* AppDelegate.swift in Sources */,
				C65F001A29D8BEAE00A8CFDC /* ImageURLs.swift in Sources */,
				C65FFFE529D83C3600A8CFDC /* SceneDelegate.swift in Sources */,
				C65F001E29D8BEE100A8CFDC /* LocationModel.swift in Sources */,
				C65F000529D8767C00A8CFDC /* PicturesCoordinator.swift in Sources */,
				C604481929D9ADEF004A8F0E /* FavoritesListTableViewCell.swift in Sources */,
				C65F002029D8BF0100A8CFDC /* ProfileImageModel.swift in Sources */,
			);
			runOnlyForDeploymentPostprocessing = 0;
		};
/* End PBXSourcesBuildPhase section */

/* Begin PBXVariantGroup section */
		C65FFFED29D83C3700A8CFDC /* LaunchScreen.storyboard */ = {
			isa = PBXVariantGroup;
			children = (
				C65FFFEE29D83C3700A8CFDC /* Base */,
			);
			name = LaunchScreen.storyboard;
			sourceTree = "<group>";
		};
/* End PBXVariantGroup section */

/* Begin XCBuildConfiguration section */
		C65FFFF129D83C3700A8CFDC /* Debug */ = {
			isa = XCBuildConfiguration;
			buildSettings = {
				ALWAYS_SEARCH_USER_PATHS = NO;
				CLANG_ANALYZER_NONNULL = YES;
				CLANG_ANALYZER_NUMBER_OBJECT_CONVERSION = YES_AGGRESSIVE;
				CLANG_CXX_LANGUAGE_STANDARD = "gnu++20";
				CLANG_ENABLE_MODULES = YES;
				CLANG_ENABLE_OBJC_ARC = YES;
				CLANG_ENABLE_OBJC_WEAK = YES;
				CLANG_WARN_BLOCK_CAPTURE_AUTORELEASING = YES;
				CLANG_WARN_BOOL_CONVERSION = YES;
				CLANG_WARN_COMMA = YES;
				CLANG_WARN_CONSTANT_CONVERSION = YES;
				CLANG_WARN_DEPRECATED_OBJC_IMPLEMENTATIONS = YES;
				CLANG_WARN_DIRECT_OBJC_ISA_USAGE = YES_ERROR;
				CLANG_WARN_DOCUMENTATION_COMMENTS = YES;
				CLANG_WARN_EMPTY_BODY = YES;
				CLANG_WARN_ENUM_CONVERSION = YES;
				CLANG_WARN_INFINITE_RECURSION = YES;
				CLANG_WARN_INT_CONVERSION = YES;
				CLANG_WARN_NON_LITERAL_NULL_CONVERSION = YES;
				CLANG_WARN_OBJC_IMPLICIT_RETAIN_SELF = YES;
				CLANG_WARN_OBJC_LITERAL_CONVERSION = YES;
				CLANG_WARN_OBJC_ROOT_CLASS = YES_ERROR;
				CLANG_WARN_QUOTED_INCLUDE_IN_FRAMEWORK_HEADER = YES;
				CLANG_WARN_RANGE_LOOP_ANALYSIS = YES;
				CLANG_WARN_STRICT_PROTOTYPES = YES;
				CLANG_WARN_SUSPICIOUS_MOVE = YES;
				CLANG_WARN_UNGUARDED_AVAILABILITY = YES_AGGRESSIVE;
				CLANG_WARN_UNREACHABLE_CODE = YES;
				CLANG_WARN__DUPLICATE_METHOD_MATCH = YES;
				COPY_PHASE_STRIP = NO;
				DEBUG_INFORMATION_FORMAT = dwarf;
				ENABLE_STRICT_OBJC_MSGSEND = YES;
				ENABLE_TESTABILITY = YES;
				GCC_C_LANGUAGE_STANDARD = gnu11;
				GCC_DYNAMIC_NO_PIC = NO;
				GCC_NO_COMMON_BLOCKS = YES;
				GCC_OPTIMIZATION_LEVEL = 0;
				GCC_PREPROCESSOR_DEFINITIONS = (
					"DEBUG=1",
					"$(inherited)",
				);
				GCC_WARN_64_TO_32_BIT_CONVERSION = YES;
				GCC_WARN_ABOUT_RETURN_TYPE = YES_ERROR;
				GCC_WARN_UNDECLARED_SELECTOR = YES;
				GCC_WARN_UNINITIALIZED_AUTOS = YES_AGGRESSIVE;
				GCC_WARN_UNUSED_FUNCTION = YES;
				GCC_WARN_UNUSED_VARIABLE = YES;
				IPHONEOS_DEPLOYMENT_TARGET = 16.2;
				MTL_ENABLE_DEBUG_INFO = INCLUDE_SOURCE;
				MTL_FAST_MATH = YES;
				ONLY_ACTIVE_ARCH = YES;
				SDKROOT = iphoneos;
				SWIFT_ACTIVE_COMPILATION_CONDITIONS = DEBUG;
				SWIFT_OPTIMIZATION_LEVEL = "-Onone";
			};
			name = Debug;
		};
		C65FFFF229D83C3700A8CFDC /* Release */ = {
			isa = XCBuildConfiguration;
			buildSettings = {
				ALWAYS_SEARCH_USER_PATHS = NO;
				CLANG_ANALYZER_NONNULL = YES;
				CLANG_ANALYZER_NUMBER_OBJECT_CONVERSION = YES_AGGRESSIVE;
				CLANG_CXX_LANGUAGE_STANDARD = "gnu++20";
				CLANG_ENABLE_MODULES = YES;
				CLANG_ENABLE_OBJC_ARC = YES;
				CLANG_ENABLE_OBJC_WEAK = YES;
				CLANG_WARN_BLOCK_CAPTURE_AUTORELEASING = YES;
				CLANG_WARN_BOOL_CONVERSION = YES;
				CLANG_WARN_COMMA = YES;
				CLANG_WARN_CONSTANT_CONVERSION = YES;
				CLANG_WARN_DEPRECATED_OBJC_IMPLEMENTATIONS = YES;
				CLANG_WARN_DIRECT_OBJC_ISA_USAGE = YES_ERROR;
				CLANG_WARN_DOCUMENTATION_COMMENTS = YES;
				CLANG_WARN_EMPTY_BODY = YES;
				CLANG_WARN_ENUM_CONVERSION = YES;
				CLANG_WARN_INFINITE_RECURSION = YES;
				CLANG_WARN_INT_CONVERSION = YES;
				CLANG_WARN_NON_LITERAL_NULL_CONVERSION = YES;
				CLANG_WARN_OBJC_IMPLICIT_RETAIN_SELF = YES;
				CLANG_WARN_OBJC_LITERAL_CONVERSION = YES;
				CLANG_WARN_OBJC_ROOT_CLASS = YES_ERROR;
				CLANG_WARN_QUOTED_INCLUDE_IN_FRAMEWORK_HEADER = YES;
				CLANG_WARN_RANGE_LOOP_ANALYSIS = YES;
				CLANG_WARN_STRICT_PROTOTYPES = YES;
				CLANG_WARN_SUSPICIOUS_MOVE = YES;
				CLANG_WARN_UNGUARDED_AVAILABILITY = YES_AGGRESSIVE;
				CLANG_WARN_UNREACHABLE_CODE = YES;
				CLANG_WARN__DUPLICATE_METHOD_MATCH = YES;
				COPY_PHASE_STRIP = NO;
				DEBUG_INFORMATION_FORMAT = "dwarf-with-dsym";
				ENABLE_NS_ASSERTIONS = NO;
				ENABLE_STRICT_OBJC_MSGSEND = YES;
				GCC_C_LANGUAGE_STANDARD = gnu11;
				GCC_NO_COMMON_BLOCKS = YES;
				GCC_WARN_64_TO_32_BIT_CONVERSION = YES;
				GCC_WARN_ABOUT_RETURN_TYPE = YES_ERROR;
				GCC_WARN_UNDECLARED_SELECTOR = YES;
				GCC_WARN_UNINITIALIZED_AUTOS = YES_AGGRESSIVE;
				GCC_WARN_UNUSED_FUNCTION = YES;
				GCC_WARN_UNUSED_VARIABLE = YES;
				IPHONEOS_DEPLOYMENT_TARGET = 16.2;
				MTL_ENABLE_DEBUG_INFO = NO;
				MTL_FAST_MATH = YES;
				SDKROOT = iphoneos;
				SWIFT_COMPILATION_MODE = wholemodule;
				SWIFT_OPTIMIZATION_LEVEL = "-O";
				VALIDATE_PRODUCT = YES;
			};
			name = Release;
		};
		C65FFFF429D83C3700A8CFDC /* Debug */ = {
			isa = XCBuildConfiguration;
			baseConfigurationReference = 25D57392D018528121BDD82C /* Pods-UnsplashApp.debug.xcconfig */;
			buildSettings = {
				ASSETCATALOG_COMPILER_APPICON_NAME = AppIcon;
				ASSETCATALOG_COMPILER_GLOBAL_ACCENT_COLOR_NAME = AccentColor;
				CODE_SIGN_STYLE = Automatic;
				CURRENT_PROJECT_VERSION = 1;
				GENERATE_INFOPLIST_FILE = YES;
				INFOPLIST_FILE = UnsplashApp/Info.plist;
				INFOPLIST_KEY_UIApplicationSupportsIndirectInputEvents = YES;
				INFOPLIST_KEY_UILaunchStoryboardName = LaunchScreen;
				INFOPLIST_KEY_UISupportedInterfaceOrientations_iPad = "UIInterfaceOrientationPortrait UIInterfaceOrientationPortraitUpsideDown UIInterfaceOrientationLandscapeLeft UIInterfaceOrientationLandscapeRight";
				INFOPLIST_KEY_UISupportedInterfaceOrientations_iPhone = "UIInterfaceOrientationPortrait UIInterfaceOrientationLandscapeLeft UIInterfaceOrientationLandscapeRight";
				LD_RUNPATH_SEARCH_PATHS = (
					"$(inherited)",
					"@executable_path/Frameworks",
				);
				MARKETING_VERSION = 1.0;
				PRODUCT_BUNDLE_IDENTIFIER = com.yakendi.UnsplashApp;
				PRODUCT_NAME = "$(TARGET_NAME)";
				SWIFT_EMIT_LOC_STRINGS = YES;
				SWIFT_VERSION = 5.0;
				TARGETED_DEVICE_FAMILY = "1,2";
			};
			name = Debug;
		};
		C65FFFF529D83C3700A8CFDC /* Release */ = {
			isa = XCBuildConfiguration;
			baseConfigurationReference = 6CF25BBCB6996D61843245CA /* Pods-UnsplashApp.release.xcconfig */;
			buildSettings = {
				ASSETCATALOG_COMPILER_APPICON_NAME = AppIcon;
				ASSETCATALOG_COMPILER_GLOBAL_ACCENT_COLOR_NAME = AccentColor;
				CODE_SIGN_STYLE = Automatic;
				CURRENT_PROJECT_VERSION = 1;
				GENERATE_INFOPLIST_FILE = YES;
				INFOPLIST_FILE = UnsplashApp/Info.plist;
				INFOPLIST_KEY_UIApplicationSupportsIndirectInputEvents = YES;
				INFOPLIST_KEY_UILaunchStoryboardName = LaunchScreen;
				INFOPLIST_KEY_UISupportedInterfaceOrientations_iPad = "UIInterfaceOrientationPortrait UIInterfaceOrientationPortraitUpsideDown UIInterfaceOrientationLandscapeLeft UIInterfaceOrientationLandscapeRight";
				INFOPLIST_KEY_UISupportedInterfaceOrientations_iPhone = "UIInterfaceOrientationPortrait UIInterfaceOrientationLandscapeLeft UIInterfaceOrientationLandscapeRight";
				LD_RUNPATH_SEARCH_PATHS = (
					"$(inherited)",
					"@executable_path/Frameworks",
				);
				MARKETING_VERSION = 1.0;
				PRODUCT_BUNDLE_IDENTIFIER = com.yakendi.UnsplashApp;
				PRODUCT_NAME = "$(TARGET_NAME)";
				SWIFT_EMIT_LOC_STRINGS = YES;
				SWIFT_VERSION = 5.0;
				TARGETED_DEVICE_FAMILY = "1,2";
			};
			name = Release;
		};
/* End XCBuildConfiguration section */

/* Begin XCConfigurationList section */
		C65FFFDA29D83C3500A8CFDC /* Build configuration list for PBXProject "UnsplashApp" */ = {
			isa = XCConfigurationList;
			buildConfigurations = (
				C65FFFF129D83C3700A8CFDC /* Debug */,
				C65FFFF229D83C3700A8CFDC /* Release */,
			);
			defaultConfigurationIsVisible = 0;
			defaultConfigurationName = Release;
		};
		C65FFFF329D83C3700A8CFDC /* Build configuration list for PBXNativeTarget "UnsplashApp" */ = {
			isa = XCConfigurationList;
			buildConfigurations = (
				C65FFFF429D83C3700A8CFDC /* Debug */,
				C65FFFF529D83C3700A8CFDC /* Release */,
			);
			defaultConfigurationIsVisible = 0;
			defaultConfigurationName = Release;
		};
/* End XCConfigurationList section */
	};
	rootObject = C65FFFD729D83C3500A8CFDC /* Project object */;
}
